
Microsoft Visual Studio Solution File, Format Version 12.00
# Visual Studio Version 16
VisualStudioVersion = 16.0.30114.105
MinimumVisualStudioVersion = 10.0.40219.1
Project("{FAE04EC0-301F-11D3-BF4B-00C04F79EFBC}") = "API", "API\API.csproj", "{F9718405-B5C4-4C25-BFE9-D700965319BB}"
EndProject
Project("{FAE04EC0-301F-11D3-BF4B-00C04F79EFBC}") = "Core", "Core\Core.csproj", "{14FCDC34-EA21-4E77-ADFD-AB6E54551FFF}"
EndProject
Project("{FAE04EC0-301F-11D3-BF4B-00C04F79EFBC}") = "Infrastructure", "Infrastructure\Infrastructure.csproj", "{9F307929-0E6C-43EC-80A4-029EA1959EB5}"
EndProject
Global
	GlobalSection(SolutionConfigurationPlatforms) = preSolution
		Debug|Any CPU = Debug|Any CPU
		Release|Any CPU = Release|Any CPU
	EndGlobalSection
	GlobalSection(SolutionProperties) = preSolution
		HideSolutionNode = FALSE
	EndGlobalSection
	GlobalSection(ProjectConfigurationPlatforms) = postSolution
		{F9718405-B5C4-4C25-BFE9-D700965319BB}.Debug|Any CPU.ActiveCfg = Debug|Any CPU
		{F9718405-B5C4-4C25-BFE9-D700965319BB}.Debug|Any CPU.Build.0 = Debug|Any CPU
		{F9718405-B5C4-4C25-BFE9-D700965319BB}.Release|Any CPU.ActiveCfg = Release|Any CPU
		{F9718405-B5C4-4C25-BFE9-D700965319BB}.Release|Any CPU.Build.0 = Release|Any CPU
		{14FCDC34-EA21-4E77-ADFD-AB6E54551FFF}.Debug|Any CPU.ActiveCfg = Debug|Any CPU
		{14FCDC34-EA21-4E77-ADFD-AB6E54551FFF}.Debug|Any CPU.Build.0 = Debug|Any CPU
		{14FCDC34-EA21-4E77-ADFD-AB6E54551FFF}.Release|Any CPU.ActiveCfg = Release|Any CPU
		{14FCDC34-EA21-4E77-ADFD-AB6E54551FFF}.Release|Any CPU.Build.0 = Release|Any CPU
		{9F307929-0E6C-43EC-80A4-029EA1959EB5}.Debug|Any CPU.ActiveCfg = Debug|Any CPU
		{9F307929-0E6C-43EC-80A4-029EA1959EB5}.Debug|Any CPU.Build.0 = Debug|Any CPU
		{9F307929-0E6C-43EC-80A4-029EA1959EB5}.Release|Any CPU.ActiveCfg = Release|Any CPU
		{9F307929-0E6C-43EC-80A4-029EA1959EB5}.Release|Any CPU.Build.0 = Release|Any CPU
	EndGlobalSection
EndGlobal
